// !$*UTF8*$!
{
	archiveVersion = 1;
	classes = {
	};
	objectVersion = 46;
	objects = {

/* Begin PBXBuildFile section */
		3F0DE5F01B72BBDB00B86BDA /* main.m in Sources */ = {isa = PBXBuildFile; fileRef = 3F0DE5EF1B72BBDB00B86BDA /* main.m */; };
		3F0DE5F31B72BBDB00B86BDA /* AppDelegate.m in Sources */ = {isa = PBXBuildFile; fileRef = 3F0DE5F21B72BBDB00B86BDA /* AppDelegate.m */; };
		3F0DE5F61B72BBDB00B86BDA /* Book_Club.xcdatamodeld in Sources */ = {isa = PBXBuildFile; fileRef = 3F0DE5F41B72BBDB00B86BDA /* Book_Club.xcdatamodeld */; };
		3F0DE5FC1B72BBDB00B86BDA /* Main.storyboard in Resources */ = {isa = PBXBuildFile; fileRef = 3F0DE5FA1B72BBDB00B86BDA /* Main.storyboard */; };
		3F0DE5FE1B72BBDB00B86BDA /* Images.xcassets in Resources */ = {isa = PBXBuildFile; fileRef = 3F0DE5FD1B72BBDB00B86BDA /* Images.xcassets */; };
		3F0DE6011B72BBDB00B86BDA /* LaunchScreen.xib in Resources */ = {isa = PBXBuildFile; fileRef = 3F0DE5FF1B72BBDB00B86BDA /* LaunchScreen.xib */; };
		3F0DE60D1B72BBDB00B86BDA /* Book_ClubTests.m in Sources */ = {isa = PBXBuildFile; fileRef = 3F0DE60C1B72BBDB00B86BDA /* Book_ClubTests.m */; };
		3F0DE6181B72BD5200B86BDA /* FriendsViewController.m in Sources */ = {isa = PBXBuildFile; fileRef = 3F0DE6171B72BD5200B86BDA /* FriendsViewController.m */; };
		3F0DE61C1B72BF3100B86BDA /* AddFriendsTableViewController.m in Sources */ = {isa = PBXBuildFile; fileRef = 3F0DE61B1B72BF3100B86BDA /* AddFriendsTableViewController.m */; };
		3F0DE61F1B72C1B400B86BDA /* CoreData.framework in Frameworks */ = {isa = PBXBuildFile; fileRef = 3F0DE61D1B72BFEF00B86BDA /* CoreData.framework */; };
		3F0DE6261B72C2F500B86BDA /* Friend+Model.m in Sources */ = {isa = PBXBuildFile; fileRef = 3F0DE6251B72C2F500B86BDA /* Friend+Model.m */; };
		3F0DE6291B72C5F000B86BDA /* ListOfNewFriends.m in Sources */ = {isa = PBXBuildFile; fileRef = 3F0DE6281B72C5F000B86BDA /* ListOfNewFriends.m */; };
		3F0DE63B1B72E01900B86BDA /* ProfileViewController.m in Sources */ = {isa = PBXBuildFile; fileRef = 3F0DE63A1B72E01900B86BDA /* ProfileViewController.m */; };
		3F0DE63E1B72E6D900B86BDA /* Comment.m in Sources */ = {isa = PBXBuildFile; fileRef = 3F0DE63D1B72E6D900B86BDA /* Comment.m */; };
		3F0DE6411B72E6DA00B86BDA /* Book.m in Sources */ = {isa = PBXBuildFile; fileRef = 3F0DE6401B72E6DA00B86BDA /* Book.m */; };
		3F0DE6441B72E6DA00B86BDA /* Friend.m in Sources */ = {isa = PBXBuildFile; fileRef = 3F0DE6431B72E6DA00B86BDA /* Friend.m */; };
/* End PBXBuildFile section */

/* Begin PBXContainerItemProxy section */
		3F0DE6071B72BBDB00B86BDA /* PBXContainerItemProxy */ = {
			isa = PBXContainerItemProxy;
			containerPortal = 3F0DE5E21B72BBDB00B86BDA /* Project object */;
			proxyType = 1;
			remoteGlobalIDString = 3F0DE5E91B72BBDB00B86BDA;
			remoteInfo = "Book Club";
		};
/* End PBXContainerItemProxy section */

/* Begin PBXFileReference section */
		3F0DE5EA1B72BBDB00B86BDA /* Book Club.app */ = {isa = PBXFileReference; explicitFileType = wrapper.application; includeInIndex = 0; path = "Book Club.app"; sourceTree = BUILT_PRODUCTS_DIR; };
		3F0DE5EE1B72BBDB00B86BDA /* Info.plist */ = {isa = PBXFileReference; lastKnownFileType = text.plist.xml; path = Info.plist; sourceTree = "<group>"; };
		3F0DE5EF1B72BBDB00B86BDA /* main.m */ = {isa = PBXFileReference; lastKnownFileType = sourcecode.c.objc; path = main.m; sourceTree = "<group>"; };
		3F0DE5F11B72BBDB00B86BDA /* AppDelegate.h */ = {isa = PBXFileReference; lastKnownFileType = sourcecode.c.h; path = AppDelegate.h; sourceTree = "<group>"; };
		3F0DE5F21B72BBDB00B86BDA /* AppDelegate.m */ = {isa = PBXFileReference; lastKnownFileType = sourcecode.c.objc; path = AppDelegate.m; sourceTree = "<group>"; };
		3F0DE5F51B72BBDB00B86BDA /* Book_Club.xcdatamodel */ = {isa = PBXFileReference; lastKnownFileType = wrapper.xcdatamodel; path = Book_Club.xcdatamodel; sourceTree = "<group>"; };
		3F0DE5FB1B72BBDB00B86BDA /* Base */ = {isa = PBXFileReference; lastKnownFileType = file.storyboard; name = Base; path = Base.lproj/Main.storyboard; sourceTree = "<group>"; };
		3F0DE5FD1B72BBDB00B86BDA /* Images.xcassets */ = {isa = PBXFileReference; lastKnownFileType = folder.assetcatalog; path = Images.xcassets; sourceTree = "<group>"; };
		3F0DE6001B72BBDB00B86BDA /* Base */ = {isa = PBXFileReference; lastKnownFileType = file.xib; name = Base; path = Base.lproj/LaunchScreen.xib; sourceTree = "<group>"; };
		3F0DE6061B72BBDB00B86BDA /* Book ClubTests.xctest */ = {isa = PBXFileReference; explicitFileType = wrapper.cfbundle; includeInIndex = 0; path = "Book ClubTests.xctest"; sourceTree = BUILT_PRODUCTS_DIR; };
		3F0DE60B1B72BBDB00B86BDA /* Info.plist */ = {isa = PBXFileReference; lastKnownFileType = text.plist.xml; path = Info.plist; sourceTree = "<group>"; };
		3F0DE60C1B72BBDB00B86BDA /* Book_ClubTests.m */ = {isa = PBXFileReference; lastKnownFileType = sourcecode.c.objc; path = Book_ClubTests.m; sourceTree = "<group>"; };
		3F0DE6161B72BD5200B86BDA /* FriendsViewController.h */ = {isa = PBXFileReference; fileEncoding = 4; lastKnownFileType = sourcecode.c.h; path = FriendsViewController.h; sourceTree = "<group>"; };
		3F0DE6171B72BD5200B86BDA /* FriendsViewController.m */ = {isa = PBXFileReference; fileEncoding = 4; lastKnownFileType = sourcecode.c.objc; path = FriendsViewController.m; sourceTree = "<group>"; };
		3F0DE61A1B72BF3100B86BDA /* AddFriendsTableViewController.h */ = {isa = PBXFileReference; fileEncoding = 4; lastKnownFileType = sourcecode.c.h; path = AddFriendsTableViewController.h; sourceTree = "<group>"; };
		3F0DE61B1B72BF3100B86BDA /* AddFriendsTableViewController.m */ = {isa = PBXFileReference; fileEncoding = 4; lastKnownFileType = sourcecode.c.objc; path = AddFriendsTableViewController.m; sourceTree = "<group>"; };
		3F0DE61D1B72BFEF00B86BDA /* CoreData.framework */ = {isa = PBXFileReference; lastKnownFileType = wrapper.framework; name = CoreData.framework; path = System/Library/Frameworks/CoreData.framework; sourceTree = SDKROOT; };
		3F0DE6241B72C2F500B86BDA /* Friend+Model.h */ = {isa = PBXFileReference; fileEncoding = 4; lastKnownFileType = sourcecode.c.h; path = "Friend+Model.h"; sourceTree = "<group>"; };
		3F0DE6251B72C2F500B86BDA /* Friend+Model.m */ = {isa = PBXFileReference; fileEncoding = 4; lastKnownFileType = sourcecode.c.objc; path = "Friend+Model.m"; sourceTree = "<group>"; };
		3F0DE6271B72C5F000B86BDA /* ListOfNewFriends.h */ = {isa = PBXFileReference; fileEncoding = 4; lastKnownFileType = sourcecode.c.h; path = ListOfNewFriends.h; sourceTree = "<group>"; };
		3F0DE6281B72C5F000B86BDA /* ListOfNewFriends.m */ = {isa = PBXFileReference; fileEncoding = 4; lastKnownFileType = sourcecode.c.objc; path = ListOfNewFriends.m; sourceTree = "<group>"; };
		3F0DE6391B72E01900B86BDA /* ProfileViewController.h */ = {isa = PBXFileReference; fileEncoding = 4; lastKnownFileType = sourcecode.c.h; path = ProfileViewController.h; sourceTree = "<group>"; };
		3F0DE63A1B72E01900B86BDA /* ProfileViewController.m */ = {isa = PBXFileReference; fileEncoding = 4; lastKnownFileType = sourcecode.c.objc; path = ProfileViewController.m; sourceTree = "<group>"; };
		3F0DE63C1B72E6D900B86BDA /* Comment.h */ = {isa = PBXFileReference; fileEncoding = 4; lastKnownFileType = sourcecode.c.h; path = Comment.h; sourceTree = "<group>"; };
		3F0DE63D1B72E6D900B86BDA /* Comment.m */ = {isa = PBXFileReference; fileEncoding = 4; lastKnownFileType = sourcecode.c.objc; path = Comment.m; sourceTree = "<group>"; };
		3F0DE63F1B72E6DA00B86BDA /* Book.h */ = {isa = PBXFileReference; fileEncoding = 4; lastKnownFileType = sourcecode.c.h; path = Book.h; sourceTree = "<group>"; };
		3F0DE6401B72E6DA00B86BDA /* Book.m */ = {isa = PBXFileReference; fileEncoding = 4; lastKnownFileType = sourcecode.c.objc; path = Book.m; sourceTree = "<group>"; };
		3F0DE6421B72E6DA00B86BDA /* Friend.h */ = {isa = PBXFileReference; fileEncoding = 4; lastKnownFileType = sourcecode.c.h; path = Friend.h; sourceTree = "<group>"; };
		3F0DE6431B72E6DA00B86BDA /* Friend.m */ = {isa = PBXFileReference; fileEncoding = 4; lastKnownFileType = sourcecode.c.objc; path = Friend.m; sourceTree = "<group>"; };
/* End PBXFileReference section */

/* Begin PBXFrameworksBuildPhase section */
		3F0DE5E71B72BBDB00B86BDA /* Frameworks */ = {
			isa = PBXFrameworksBuildPhase;
			buildActionMask = 2147483647;
			files = (
				3F0DE61F1B72C1B400B86BDA /* CoreData.framework in Frameworks */,
			);
			runOnlyForDeploymentPostprocessing = 0;
		};
		3F0DE6031B72BBDB00B86BDA /* Frameworks */ = {
			isa = PBXFrameworksBuildPhase;
			buildActionMask = 2147483647;
			files = (
			);
			runOnlyForDeploymentPostprocessing = 0;
		};
/* End PBXFrameworksBuildPhase section */

/* Begin PBXGroup section */
		3F0DE5E11B72BBDB00B86BDA = {
			isa = PBXGroup;
			children = (
				3F0DE61D1B72BFEF00B86BDA /* CoreData.framework */,
				3F0DE5EC1B72BBDB00B86BDA /* Book Club */,
				3F0DE6091B72BBDB00B86BDA /* Book ClubTests */,
				3F0DE5EB1B72BBDB00B86BDA /* Products */,
			);
			sourceTree = "<group>";
		};
		3F0DE5EB1B72BBDB00B86BDA /* Products */ = {
			isa = PBXGroup;
			children = (
				3F0DE5EA1B72BBDB00B86BDA /* Book Club.app */,
				3F0DE6061B72BBDB00B86BDA /* Book ClubTests.xctest */,
			);
			name = Products;
			sourceTree = "<group>";
		};
		3F0DE5EC1B72BBDB00B86BDA /* Book Club */ = {
			isa = PBXGroup;
			children = (
				3F0DE5F11B72BBDB00B86BDA /* AppDelegate.h */,
				3F0DE5F21B72BBDB00B86BDA /* AppDelegate.m */,
				3F0DE6231B72C2C000B86BDA /* Models */,
				3F0DE6191B72BD5500B86BDA /* View Controllers */,
				3F0DE5FA1B72BBDB00B86BDA /* Main.storyboard */,
				3F0DE5FD1B72BBDB00B86BDA /* Images.xcassets */,
				3F0DE5FF1B72BBDB00B86BDA /* LaunchScreen.xib */,
				3F0DE5F41B72BBDB00B86BDA /* Book_Club.xcdatamodeld */,
				3F0DE5ED1B72BBDB00B86BDA /* Supporting Files */,
			);
			path = "Book Club";
			sourceTree = "<group>";
		};
		3F0DE5ED1B72BBDB00B86BDA /* Supporting Files */ = {
			isa = PBXGroup;
			children = (
				3F0DE5EE1B72BBDB00B86BDA /* Info.plist */,
				3F0DE5EF1B72BBDB00B86BDA /* main.m */,
			);
			name = "Supporting Files";
			sourceTree = "<group>";
		};
		3F0DE6091B72BBDB00B86BDA /* Book ClubTests */ = {
			isa = PBXGroup;
			children = (
				3F0DE60C1B72BBDB00B86BDA /* Book_ClubTests.m */,
				3F0DE60A1B72BBDB00B86BDA /* Supporting Files */,
			);
			path = "Book ClubTests";
			sourceTree = "<group>";
		};
		3F0DE60A1B72BBDB00B86BDA /* Supporting Files */ = {
			isa = PBXGroup;
			children = (
				3F0DE60B1B72BBDB00B86BDA /* Info.plist */,
			);
			name = "Supporting Files";
			sourceTree = "<group>";
		};
		3F0DE6191B72BD5500B86BDA /* View Controllers */ = {
			isa = PBXGroup;
			children = (
				3F0DE6161B72BD5200B86BDA /* FriendsViewController.h */,
				3F0DE6171B72BD5200B86BDA /* FriendsViewController.m */,
				3F0DE61A1B72BF3100B86BDA /* AddFriendsTableViewController.h */,
				3F0DE61B1B72BF3100B86BDA /* AddFriendsTableViewController.m */,
				3F0DE6391B72E01900B86BDA /* ProfileViewController.h */,
				3F0DE63A1B72E01900B86BDA /* ProfileViewController.m */,
			);
			name = "View Controllers";
			sourceTree = "<group>";
		};
		3F0DE6231B72C2C000B86BDA /* Models */ = {
			isa = PBXGroup;
			children = (
				3F0DE6421B72E6DA00B86BDA /* Friend.h */,
				3F0DE6431B72E6DA00B86BDA /* Friend.m */,
				3F0DE63F1B72E6DA00B86BDA /* Book.h */,
				3F0DE6401B72E6DA00B86BDA /* Book.m */,
				3F0DE63C1B72E6D900B86BDA /* Comment.h */,
				3F0DE63D1B72E6D900B86BDA /* Comment.m */,
				3F0DE6241B72C2F500B86BDA /* Friend+Model.h */,
				3F0DE6251B72C2F500B86BDA /* Friend+Model.m */,
				3F0DE6271B72C5F000B86BDA /* ListOfNewFriends.h */,
				3F0DE6281B72C5F000B86BDA /* ListOfNewFriends.m */,
			);
			name = Models;
			sourceTree = "<group>";
		};
/* End PBXGroup section */

/* Begin PBXNativeTarget section */
		3F0DE5E91B72BBDB00B86BDA /* Book Club */ = {
			isa = PBXNativeTarget;
			buildConfigurationList = 3F0DE6101B72BBDB00B86BDA /* Build configuration list for PBXNativeTarget "Book Club" */;
			buildPhases = (
				3F0DE5E61B72BBDB00B86BDA /* Sources */,
				3F0DE5E71B72BBDB00B86BDA /* Frameworks */,
				3F0DE5E81B72BBDB00B86BDA /* Resources */,
			);
			buildRules = (
			);
			dependencies = (
			);
			name = "Book Club";
			productName = "Book Club";
			productReference = 3F0DE5EA1B72BBDB00B86BDA /* Book Club.app */;
			productType = "com.apple.product-type.application";
		};
		3F0DE6051B72BBDB00B86BDA /* Book ClubTests */ = {
			isa = PBXNativeTarget;
			buildConfigurationList = 3F0DE6131B72BBDB00B86BDA /* Build configuration list for PBXNativeTarget "Book ClubTests" */;
			buildPhases = (
				3F0DE6021B72BBDB00B86BDA /* Sources */,
				3F0DE6031B72BBDB00B86BDA /* Frameworks */,
				3F0DE6041B72BBDB00B86BDA /* Resources */,
			);
			buildRules = (
			);
			dependencies = (
				3F0DE6081B72BBDB00B86BDA /* PBXTargetDependency */,
			);
			name = "Book ClubTests";
			productName = "Book ClubTests";
			productReference = 3F0DE6061B72BBDB00B86BDA /* Book ClubTests.xctest */;
			productType = "com.apple.product-type.bundle.unit-test";
		};
/* End PBXNativeTarget section */

/* Begin PBXProject section */
		3F0DE5E21B72BBDB00B86BDA /* Project object */ = {
			isa = PBXProject;
			attributes = {
				LastUpgradeCheck = 0640;
				ORGANIZATIONNAME = "Jaehee Chung";
				TargetAttributes = {
					3F0DE5E91B72BBDB00B86BDA = {
						CreatedOnToolsVersion = 6.4;
					};
					3F0DE6051B72BBDB00B86BDA = {
						CreatedOnToolsVersion = 6.4;
						TestTargetID = 3F0DE5E91B72BBDB00B86BDA;
					};
				};
			};
			buildConfigurationList = 3F0DE5E51B72BBDB00B86BDA /* Build configuration list for PBXProject "Book Club" */;
			compatibilityVersion = "Xcode 3.2";
			developmentRegion = English;
			hasScannedForEncodings = 0;
			knownRegions = (
				en,
				Base,
			);
			mainGroup = 3F0DE5E11B72BBDB00B86BDA;
			productRefGroup = 3F0DE5EB1B72BBDB00B86BDA /* Products */;
			projectDirPath = "";
			projectRoot = "";
			targets = (
				3F0DE5E91B72BBDB00B86BDA /* Book Club */,
				3F0DE6051B72BBDB00B86BDA /* Book ClubTests */,
			);
		};
/* End PBXProject section */

/* Begin PBXResourcesBuildPhase section */
		3F0DE5E81B72BBDB00B86BDA /* Resources */ = {
			isa = PBXResourcesBuildPhase;
			buildActionMask = 2147483647;
			files = (
				3F0DE5FC1B72BBDB00B86BDA /* Main.storyboard in Resources */,
				3F0DE6011B72BBDB00B86BDA /* LaunchScreen.xib in Resources */,
				3F0DE5FE1B72BBDB00B86BDA /* Images.xcassets in Resources */,
			);
			runOnlyForDeploymentPostprocessing = 0;
		};
		3F0DE6041B72BBDB00B86BDA /* Resources */ = {
			isa = PBXResourcesBuildPhase;
			buildActionMask = 2147483647;
			files = (
			);
			runOnlyForDeploymentPostprocessing = 0;
		};
/* End PBXResourcesBuildPhase section */

/* Begin PBXSourcesBuildPhase section */
		3F0DE5E61B72BBDB00B86BDA /* Sources */ = {
			isa = PBXSourcesBuildPhase;
			buildActionMask = 2147483647;
			files = (
				3F0DE6441B72E6DA00B86BDA /* Friend.m in Sources */,
				3F0DE6261B72C2F500B86BDA /* Friend+Model.m in Sources */,
				3F0DE6181B72BD5200B86BDA /* FriendsViewController.m in Sources */,
				3F0DE63E1B72E6D900B86BDA /* Comment.m in Sources */,
				3F0DE63B1B72E01900B86BDA /* ProfileViewController.m in Sources */,
				3F0DE6411B72E6DA00B86BDA /* Book.m in Sources */,
				3F0DE61C1B72BF3100B86BDA /* AddFriendsTableViewController.m in Sources */,
				3F0DE6291B72C5F000B86BDA /* ListOfNewFriends.m in Sources */,
				3F0DE5F31B72BBDB00B86BDA /* AppDelegate.m in Sources */,
				3F0DE5F61B72BBDB00B86BDA /* Book_Club.xcdatamodeld in Sources */,
				3F0DE5F01B72BBDB00B86BDA /* main.m in Sources */,
			);
			runOnlyForDeploymentPostprocessing = 0;
		};
		3F0DE6021B72BBDB00B86BDA /* Sources */ = {
			isa = PBXSourcesBuildPhase;
			buildActionMask = 2147483647;
			files = (
				3F0DE60D1B72BBDB00B86BDA /* Book_ClubTests.m in Sources */,
			);
			runOnlyForDeploymentPostprocessing = 0;
		};
/* End PBXSourcesBuildPhase section */

/* Begin PBXTargetDependency section */
		3F0DE6081B72BBDB00B86BDA /* PBXTargetDependency */ = {
			isa = PBXTargetDependency;
			target = 3F0DE5E91B72BBDB00B86BDA /* Book Club */;
			targetProxy = 3F0DE6071B72BBDB00B86BDA /* PBXContainerItemProxy */;
		};
/* End PBXTargetDependency section */

/* Begin PBXVariantGroup section */
		3F0DE5FA1B72BBDB00B86BDA /* Main.storyboard */ = {
			isa = PBXVariantGroup;
			children = (
				3F0DE5FB1B72BBDB00B86BDA /* Base */,
			);
			name = Main.storyboard;
			sourceTree = "<group>";
		};
		3F0DE5FF1B72BBDB00B86BDA /* LaunchScreen.xib */ = {
			isa = PBXVariantGroup;
			children = (
				3F0DE6001B72BBDB00B86BDA /* Base */,
			);
			name = LaunchScreen.xib;
			sourceTree = "<group>";
		};
/* End PBXVariantGroup section */

/* Begin XCBuildConfiguration section */
		3F0DE60E1B72BBDB00B86BDA /* Debug */ = {
			isa = XCBuildConfiguration;
			buildSettings = {
				ALWAYS_SEARCH_USER_PATHS = NO;
				CLANG_CXX_LANGUAGE_STANDARD = "gnu++0x";
				CLANG_CXX_LIBRARY = "libc++";
				CLANG_ENABLE_MODULES = YES;
				CLANG_ENABLE_OBJC_ARC = YES;
				CLANG_WARN_BOOL_CONVERSION = YES;
				CLANG_WARN_CONSTANT_CONVERSION = YES;
				CLANG_WARN_DIRECT_OBJC_ISA_USAGE = YES_ERROR;
				CLANG_WARN_EMPTY_BODY = YES;
				CLANG_WARN_ENUM_CONVERSION = YES;
				CLANG_WARN_INT_CONVERSION = YES;
				CLANG_WARN_OBJC_ROOT_CLASS = YES_ERROR;
				CLANG_WARN_UNREACHABLE_CODE = YES;
				CLANG_WARN__DUPLICATE_METHOD_MATCH = YES;
				"CODE_SIGN_IDENTITY[sdk=iphoneos*]" = "iPhone Developer";
				COPY_PHASE_STRIP = NO;
				DEBUG_INFORMATION_FORMAT = "dwarf-with-dsym";
				ENABLE_STRICT_OBJC_MSGSEND = YES;
				GCC_C_LANGUAGE_STANDARD = gnu99;
				GCC_DYNAMIC_NO_PIC = NO;
				GCC_NO_COMMON_BLOCKS = YES;
				GCC_OPTIMIZATION_LEVEL = 0;
				GCC_PREPROCESSOR_DEFINITIONS = (
					"DEBUG=1",
					"$(inherited)",
				);
				GCC_SYMBOLS_PRIVATE_EXTERN = NO;
				GCC_WARN_64_TO_32_BIT_CONVERSION = YES;
				GCC_WARN_ABOUT_RETURN_TYPE = YES_ERROR;
				GCC_WARN_UNDECLARED_SELECTOR = YES;
				GCC_WARN_UNINITIALIZED_AUTOS = YES_AGGRESSIVE;
				GCC_WARN_UNUSED_FUNCTION = YES;
				GCC_WARN_UNUSED_VARIABLE = YES;
				IPHONEOS_DEPLOYMENT_TARGET = 8.4;
				MTL_ENABLE_DEBUG_INFO = YES;
				ONLY_ACTIVE_ARCH = YES;
				SDKROOT = iphoneos;
				TARGETED_DEVICE_FAMILY = "1,2";
			};
			name = Debug;
		};
		3F0DE60F1B72BBDB00B86BDA /* Release */ = {
			isa = XCBuildConfiguration;
			buildSettings = {
				ALWAYS_SEARCH_USER_PATHS = NO;
				CLANG_CXX_LANGUAGE_STANDARD = "gnu++0x";
				CLANG_CXX_LIBRARY = "libc++";
				CLANG_ENABLE_MODULES = YES;
				CLANG_ENABLE_OBJC_ARC = YES;
				CLANG_WARN_BOOL_CONVERSION = YES;
				CLANG_WARN_CONSTANT_CONVERSION = YES;
				CLANG_WARN_DIRECT_OBJC_ISA_USAGE = YES_ERROR;
				CLANG_WARN_EMPTY_BODY = YES;
				CLANG_WARN_ENUM_CONVERSION = YES;
				CLANG_WARN_INT_CONVERSION = YES;
				CLANG_WARN_OBJC_ROOT_CLASS = YES_ERROR;
				CLANG_WARN_UNREACHABLE_CODE = YES;
				CLANG_WARN__DUPLICATE_METHOD_MATCH = YES;
				"CODE_SIGN_IDENTITY[sdk=iphoneos*]" = "iPhone Developer";
				COPY_PHASE_STRIP = NO;
				DEBUG_INFORMATION_FORMAT = "dwarf-with-dsym";
				ENABLE_NS_ASSERTIONS = NO;
				ENABLE_STRICT_OBJC_MSGSEND = YES;
				GCC_C_LANGUAGE_STANDARD = gnu99;
				GCC_NO_COMMON_BLOCKS = YES;
				GCC_WARN_64_TO_32_BIT_CONVERSION = YES;
				GCC_WARN_ABOUT_RETURN_TYPE = YES_ERROR;
				GCC_WARN_UNDECLARED_SELECTOR = YES;
				GCC_WARN_UNINITIALIZED_AUTOS = YES_AGGRESSIVE;
				GCC_WARN_UNUSED_FUNCTION = YES;
				GCC_WARN_UNUSED_VARIABLE = YES;
				IPHONEOS_DEPLOYMENT_TARGET = 8.4;
				MTL_ENABLE_DEBUG_INFO = NO;
				SDKROOT = iphoneos;
				TARGETED_DEVICE_FAMILY = "1,2";
				VALIDATE_PRODUCT = YES;
			};
			name = Release;
		};
		3F0DE6111B72BBDB00B86BDA /* Debug */ = {
			isa = XCBuildConfiguration;
			buildSettings = {
				ASSETCATALOG_COMPILER_APPICON_NAME = AppIcon;
				INFOPLIST_FILE = "Book Club/Info.plist";
				LD_RUNPATH_SEARCH_PATHS = "$(inherited) @executable_path/Frameworks";
				PRODUCT_NAME = "$(TARGET_NAME)";
			};
			name = Debug;
		};
		3F0DE6121B72BBDB00B86BDA /* Release */ = {
			isa = XCBuildConfiguration;
			buildSettings = {
				ASSETCATALOG_COMPILER_APPICON_NAME = AppIcon;
				INFOPLIST_FILE = "Book Club/Info.plist";
				LD_RUNPATH_SEARCH_PATHS = "$(inherited) @executable_path/Frameworks";
				PRODUCT_NAME = "$(TARGET_NAME)";
			};
			name = Release;
		};
		3F0DE6141B72BBDB00B86BDA /* Debug */ = {
			isa = XCBuildConfiguration;
			buildSettings = {
				BUNDLE_LOADER = "$(TEST_HOST)";
				FRAMEWORK_SEARCH_PATHS = (
					"$(SDKROOT)/Developer/Library/Frameworks",
					"$(inherited)",
				);
				GCC_PREPROCESSOR_DEFINITIONS = (
					"DEBUG=1",
					"$(inherited)",
				);
				INFOPLIST_FILE = "Book ClubTests/Info.plist";
				LD_RUNPATH_SEARCH_PATHS = "$(inherited) @executable_path/Frameworks @loader_path/Frameworks";
				PRODUCT_NAME = "$(TARGET_NAME)";
				TEST_HOST = "$(BUILT_PRODUCTS_DIR)/Book Club.app/Book Club";
			};
			name = Debug;
		};
		3F0DE6151B72BBDB00B86BDA /* Release */ = {
			isa = XCBuildConfiguration;
			buildSettings = {
				BUNDLE_LOADER = "$(TEST_HOST)";
				FRAMEWORK_SEARCH_PATHS = (
					"$(SDKROOT)/Developer/Library/Frameworks",
					"$(inherited)",
				);
				INFOPLIST_FILE = "Book ClubTests/Info.plist";
				LD_RUNPATH_SEARCH_PATHS = "$(inherited) @executable_path/Frameworks @loader_path/Frameworks";
				PRODUCT_NAME = "$(TARGET_NAME)";
				TEST_HOST = "$(BUILT_PRODUCTS_DIR)/Book Club.app/Book Club";
			};
			name = Release;
		};
/* End XCBuildConfiguration section */

/* Begin XCConfigurationList section */
		3F0DE5E51B72BBDB00B86BDA /* Build configuration list for PBXProject "Book Club" */ = {
			isa = XCConfigurationList;
			buildConfigurations = (
				3F0DE60E1B72BBDB00B86BDA /* Debug */,
				3F0DE60F1B72BBDB00B86BDA /* Release */,
			);
			defaultConfigurationIsVisible = 0;
			defaultConfigurationName = Release;
		};
		3F0DE6101B72BBDB00B86BDA /* Build configuration list for PBXNativeTarget "Book Club" */ = {
			isa = XCConfigurationList;
			buildConfigurations = (
				3F0DE6111B72BBDB00B86BDA /* Debug */,
				3F0DE6121B72BBDB00B86BDA /* Release */,
			);
			defaultConfigurationIsVisible = 0;
		};
		3F0DE6131B72BBDB00B86BDA /* Build configuration list for PBXNativeTarget "Book ClubTests" */ = {
			isa = XCConfigurationList;
			buildConfigurations = (
				3F0DE6141B72BBDB00B86BDA /* Debug */,
				3F0DE6151B72BBDB00B86BDA /* Release */,
			);
			defaultConfigurationIsVisible = 0;
		};
/* End XCConfigurationList section */

/* Begin XCVersionGroup section */
		3F0DE5F41B72BBDB00B86BDA /* Book_Club.xcdatamodeld */ = {
			isa = XCVersionGroup;
			children = (
				3F0DE5F51B72BBDB00B86BDA /* Book_Club.xcdatamodel */,
			);
			currentVersion = 3F0DE5F51B72BBDB00B86BDA /* Book_Club.xcdatamodel */;
			path = Book_Club.xcdatamodeld;
			sourceTree = "<group>";
			versionGroupType = wrapper.xcdatamodel;
		};
/* End XCVersionGroup section */
	};
	rootObject = 3F0DE5E21B72BBDB00B86BDA /* Project object */;
}
